
Microsoft Visual Studio Solution File, Format Version 12.00
# Visual Studio Version 17
VisualStudioVersion = 17.8.34330.188
MinimumVisualStudioVersion = 10.0.40219.1
Project("{9A19103F-16F7-4668-BE54-9A1E7A4F7556}") = "LightHtml", "LightHtml\LightHtml.csproj", "{72874D96-75A6-4702-B58B-A3CF625405ED}"
EndProject
Project("{9A19103F-16F7-4668-BE54-9A1E7A4F7556}") = "CommandHTML", "CommandHTML\CommandHTML.csproj", "{1AAB43B2-169E-4CBB-9EAE-99C4810DAB95}"
EndProject
Project("{9A19103F-16F7-4668-BE54-9A1E7A4F7556}") = "LightHTMLIterator", "LightHTMLIterator\LightHTMLIterator.csproj", "{0144FF3E-4B6B-4736-A0BB-7BADEB41160F}"
EndProject
Project("{9A19103F-16F7-4668-BE54-9A1E7A4F7556}") = "StateHTML", "StateHTML\StateHTML.csproj", "{922AAB08-D8F6-4349-9A0E-D1F47F0EAFAB}"
EndProject
Project("{FAE04EC0-301F-11D3-BF4B-00C04F79EFBC}") = "TemplateMethodHTML", "TemplateMethodHTML\TemplateMethodHTML.csproj", "{F9C2A22A-ACFA-48A9-B5FD-86B8FC08995E}"
EndProject
Global
	GlobalSection(SolutionConfigurationPlatforms) = preSolution
		Debug|Any CPU = Debug|Any CPU
		Release|Any CPU = Release|Any CPU
	EndGlobalSection
	GlobalSection(ProjectConfigurationPlatforms) = postSolution
		{72874D96-75A6-4702-B58B-A3CF625405ED}.Debug|Any CPU.ActiveCfg = Debug|Any CPU
		{72874D96-75A6-4702-B58B-A3CF625405ED}.Debug|Any CPU.Build.0 = Debug|Any CPU
		{72874D96-75A6-4702-B58B-A3CF625405ED}.Release|Any CPU.ActiveCfg = Release|Any CPU
		{72874D96-75A6-4702-B58B-A3CF625405ED}.Release|Any CPU.Build.0 = Release|Any CPU
		{1AAB43B2-169E-4CBB-9EAE-99C4810DAB95}.Debug|Any CPU.ActiveCfg = Debug|Any CPU
		{1AAB43B2-169E-4CBB-9EAE-99C4810DAB95}.Debug|Any CPU.Build.0 = Debug|Any CPU
		{1AAB43B2-169E-4CBB-9EAE-99C4810DAB95}.Release|Any CPU.ActiveCfg = Release|Any CPU
		{1AAB43B2-169E-4CBB-9EAE-99C4810DAB95}.Release|Any CPU.Build.0 = Release|Any CPU
		{0144FF3E-4B6B-4736-A0BB-7BADEB41160F}.Debug|Any CPU.ActiveCfg = Debug|Any CPU
		{0144FF3E-4B6B-4736-A0BB-7BADEB41160F}.Debug|Any CPU.Build.0 = Debug|Any CPU
		{0144FF3E-4B6B-4736-A0BB-7BADEB41160F}.Release|Any CPU.ActiveCfg = Release|Any CPU
		{0144FF3E-4B6B-4736-A0BB-7BADEB41160F}.Release|Any CPU.Build.0 = Release|Any CPU
		{922AAB08-D8F6-4349-9A0E-D1F47F0EAFAB}.Debug|Any CPU.ActiveCfg = Debug|Any CPU
		{922AAB08-D8F6-4349-9A0E-D1F47F0EAFAB}.Debug|Any CPU.Build.0 = Debug|Any CPU
		{922AAB08-D8F6-4349-9A0E-D1F47F0EAFAB}.Release|Any CPU.ActiveCfg = Release|Any CPU
		{922AAB08-D8F6-4349-9A0E-D1F47F0EAFAB}.Release|Any CPU.Build.0 = Release|Any CPU
		{F9C2A22A-ACFA-48A9-B5FD-86B8FC08995E}.Debug|Any CPU.ActiveCfg = Debug|Any CPU
		{F9C2A22A-ACFA-48A9-B5FD-86B8FC08995E}.Debug|Any CPU.Build.0 = Debug|Any CPU
		{F9C2A22A-ACFA-48A9-B5FD-86B8FC08995E}.Release|Any CPU.ActiveCfg = Release|Any CPU
		{F9C2A22A-ACFA-48A9-B5FD-86B8FC08995E}.Release|Any CPU.Build.0 = Release|Any CPU
	EndGlobalSection
	GlobalSection(SolutionProperties) = preSolution
		HideSolutionNode = FALSE
	EndGlobalSection
	GlobalSection(ExtensibilityGlobals) = postSolution
		SolutionGuid = {4B4485CA-FF51-4231-BC2F-158E6611B926}
	EndGlobalSection
EndGlobal
